
Microsoft Visual Studio Solution File, Format Version 12.00
# Visual Studio Version 17
VisualStudioVersion = 17.14.36414.22 d17.14
MinimumVisualStudioVersion = 10.0.40219.1
Project("{FAE04EC0-301F-11D3-BF4B-00C04F79EFBC}") = "FitBot.Api", "FitBot.Api\FitBot.Api.csproj", "{E86504E4-9E02-4660-B9A5-430047E96A8B}"
EndProject
Global
	GlobalSection(SolutionConfigurationPlatforms) = preSolution
		Debug|Any CPU = Debug|Any CPU
		Release|Any CPU = Release|Any CPU
	EndGlobalSection
	GlobalSection(ProjectConfigurationPlatforms) = postSolution
		{E86504E4-9E02-4660-B9A5-430047E96A8B}.Debug|Any CPU.ActiveCfg = Debug|Any CPU
		{E86504E4-9E02-4660-B9A5-430047E96A8B}.Debug|Any CPU.Build.0 = Debug|Any CPU
		{E86504E4-9E02-4660-B9A5-430047E96A8B}.Release|Any CPU.ActiveCfg = Release|Any CPU
		{E86504E4-9E02-4660-B9A5-430047E96A8B}.Release|Any CPU.Build.0 = Release|Any CPU
	EndGlobalSection
	GlobalSection(SolutionProperties) = preSolution
		HideSolutionNode = FALSE
	EndGlobalSection
	GlobalSection(ExtensibilityGlobals) = postSolution
		SolutionGuid = {C0204B74-508B-4ABD-82B9-D4ECC869F7A9}
	EndGlobalSection
EndGlobal
